// !$*UTF8*$!
{
	archiveVersion = 1;
	classes = {
	};
	objectVersion = 56;
	objects = {

/* Begin PBXBuildFile section */
		7F0B46412A86A665005A27DD /* AppDelegate.swift in Sources */ = {isa = PBXBuildFile; fileRef = 7F0B46402A86A665005A27DD /* AppDelegate.swift */; };
		7F0B46432A86A665005A27DD /* SceneDelegate.swift in Sources */ = {isa = PBXBuildFile; fileRef = 7F0B46422A86A665005A27DD /* SceneDelegate.swift */; };
		7F0B46452A86A665005A27DD /* ViewController.swift in Sources */ = {isa = PBXBuildFile; fileRef = 7F0B46442A86A665005A27DD /* ViewController.swift */; };
		7F0B464B2A86A665005A27DD /* BreakingNews.xcdatamodeld in Sources */ = {isa = PBXBuildFile; fileRef = 7F0B46492A86A665005A27DD /* BreakingNews.xcdatamodeld */; };
		7F0B464D2A86A667005A27DD /* Assets.xcassets in Resources */ = {isa = PBXBuildFile; fileRef = 7F0B464C2A86A667005A27DD /* Assets.xcassets */; };
		7F0B46502A86A667005A27DD /* LaunchScreen.storyboard in Resources */ = {isa = PBXBuildFile; fileRef = 7F0B464E2A86A667005A27DD /* LaunchScreen.storyboard */; };
		7F0B465B2A86A667005A27DD /* BreakingNewsTests.swift in Sources */ = {isa = PBXBuildFile; fileRef = 7F0B465A2A86A667005A27DD /* BreakingNewsTests.swift */; };
		7F0B46652A86A667005A27DD /* BreakingNewsUITests.swift in Sources */ = {isa = PBXBuildFile; fileRef = 7F0B46642A86A667005A27DD /* BreakingNewsUITests.swift */; };
		7F0B46672A86A667005A27DD /* BreakingNewsUITestsLaunchTests.swift in Sources */ = {isa = PBXBuildFile; fileRef = 7F0B46662A86A667005A27DD /* BreakingNewsUITestsLaunchTests.swift */; };
		7F0B46782A86AA87005A27DD /* RequestManager.swift in Sources */ = {isa = PBXBuildFile; fileRef = 7F0B46772A86AA87005A27DD /* RequestManager.swift */; };
		7F0B467A2A86AB03005A27DD /* EndPoint.swift in Sources */ = {isa = PBXBuildFile; fileRef = 7F0B46792A86AB03005A27DD /* EndPoint.swift */; };
		7F0B467C2A86AB1A005A27DD /* ErrorMessage.swift in Sources */ = {isa = PBXBuildFile; fileRef = 7F0B467B2A86AB1A005A27DD /* ErrorMessage.swift */; };
		7F0B467E2A86AB7E005A27DD /* API.swift in Sources */ = {isa = PBXBuildFile; fileRef = 7F0B467D2A86AB7E005A27DD /* API.swift */; };
		7F0B46802A86CBE1005A27DD /* UIImageView+Extension.swift in Sources */ = {isa = PBXBuildFile; fileRef = 7F0B467F2A86CBE1005A27DD /* UIImageView+Extension.swift */; };
		7F0B46822A86CC22005A27DD /* UITableView+Extension.swift in Sources */ = {isa = PBXBuildFile; fileRef = 7F0B46812A86CC22005A27DD /* UITableView+Extension.swift */; };
		7F37E8C62A8B55ED00C7F8AE /* NewsTableViewCell.swift in Sources */ = {isa = PBXBuildFile; fileRef = 7F37E8C52A8B55ED00C7F8AE /* NewsTableViewCell.swift */; };
		7F4BCAC82A877E4000CD1F83 /* News.swift in Sources */ = {isa = PBXBuildFile; fileRef = 7F4BCAC72A877E4000CD1F83 /* News.swift */; };
		7F4BCACA2A877E5200CD1F83 /* Artical.swift in Sources */ = {isa = PBXBuildFile; fileRef = 7F4BCAC92A877E5200CD1F83 /* Artical.swift */; };
		7F4BCACC2A877E6600CD1F83 /* Source.swift in Sources */ = {isa = PBXBuildFile; fileRef = 7F4BCACB2A877E6600CD1F83 /* Source.swift */; };
		7F4BCAD12A87809C00CD1F83 /* NewsRepository.swift in Sources */ = {isa = PBXBuildFile; fileRef = 7F4BCAD02A87809C00CD1F83 /* NewsRepository.swift */; };
		7F4BCAD32A8780AA00CD1F83 /* NewsIntent.swift in Sources */ = {isa = PBXBuildFile; fileRef = 7F4BCAD22A8780AA00CD1F83 /* NewsIntent.swift */; };
		7F4BCADB2A87902A00CD1F83 /* NewsViewController.swift in Sources */ = {isa = PBXBuildFile; fileRef = 7F4BCAD92A87902A00CD1F83 /* NewsViewController.swift */; };
		7F4BCAE12A87959C00CD1F83 /* NewsDetailsViewController.swift in Sources */ = {isa = PBXBuildFile; fileRef = 7F4BCADF2A87959C00CD1F83 /* NewsDetailsViewController.swift */; };
		7F4BCAE42A88100500CD1F83 /* NewsViewModel.swift in Sources */ = {isa = PBXBuildFile; fileRef = 7F4BCAE32A88100500CD1F83 /* NewsViewModel.swift */; };
		7F4BCAFC2A8A9A8B00CD1F83 /* String+Extension.swift in Sources */ = {isa = PBXBuildFile; fileRef = 7F4BCAFB2A8A9A8B00CD1F83 /* String+Extension.swift */; };
		7F4BCAFF2A8A9C1800CD1F83 /* Localizable.strings in Resources */ = {isa = PBXBuildFile; fileRef = 7F4BCB012A8A9C1800CD1F83 /* Localizable.strings */; };
		7F4BCB042A8AA18D00CD1F83 /* NewsDetailsViewController.xib in Resources */ = {isa = PBXBuildFile; fileRef = 7F4BCB032A8AA18D00CD1F83 /* NewsDetailsViewController.xib */; };
		7F97E24C2A8B56FC007C9E46 /* NewsTableViewCell.xib in Resources */ = {isa = PBXBuildFile; fileRef = 7F97E24A2A8B56FC007C9E46 /* NewsTableViewCell.xib */; };
		7FB3F0C32A8B863300A02404 /* CoreDataManager.swift in Sources */ = {isa = PBXBuildFile; fileRef = 7FB3F0C22A8B863300A02404 /* CoreDataManager.swift */; };
		7FB3F0C82A8B8B5600A02404 /* ArticleCD+CoreDataClass.swift in Sources */ = {isa = PBXBuildFile; fileRef = 7FB3F0C42A8B8B5600A02404 /* ArticleCD+CoreDataClass.swift */; };
		7FB3F0C92A8B8B5600A02404 /* ArticleCD+CoreDataProperties.swift in Sources */ = {isa = PBXBuildFile; fileRef = 7FB3F0C52A8B8B5600A02404 /* ArticleCD+CoreDataProperties.swift */; };
		7FB3F0CA2A8B8B5600A02404 /* SourceCD+CoreDataClass.swift in Sources */ = {isa = PBXBuildFile; fileRef = 7FB3F0C62A8B8B5600A02404 /* SourceCD+CoreDataClass.swift */; };
		7FB3F0CB2A8B8B5600A02404 /* SourceCD+CoreDataProperties.swift in Sources */ = {isa = PBXBuildFile; fileRef = 7FB3F0C72A8B8B5600A02404 /* SourceCD+CoreDataProperties.swift */; };
/* End PBXBuildFile section */

/* Begin PBXContainerItemProxy section */
		7F0B46572A86A667005A27DD /* PBXContainerItemProxy */ = {
			isa = PBXContainerItemProxy;
			containerPortal = 7F0B46352A86A665005A27DD /* Project object */;
			proxyType = 1;
			remoteGlobalIDString = 7F0B463C2A86A665005A27DD;
			remoteInfo = BreakingNews;
		};
		7F0B46612A86A667005A27DD /* PBXContainerItemProxy */ = {
			isa = PBXContainerItemProxy;
			containerPortal = 7F0B46352A86A665005A27DD /* Project object */;
			proxyType = 1;
			remoteGlobalIDString = 7F0B463C2A86A665005A27DD;
			remoteInfo = BreakingNews;
		};
/* End PBXContainerItemProxy section */

/* Begin PBXFileReference section */
		7F0B463D2A86A665005A27DD /* BreakingNews.app */ = {isa = PBXFileReference; explicitFileType = wrapper.application; includeInIndex = 0; path = BreakingNews.app; sourceTree = BUILT_PRODUCTS_DIR; };
		7F0B46402A86A665005A27DD /* AppDelegate.swift */ = {isa = PBXFileReference; lastKnownFileType = sourcecode.swift; path = AppDelegate.swift; sourceTree = "<group>"; };
		7F0B46422A86A665005A27DD /* SceneDelegate.swift */ = {isa = PBXFileReference; lastKnownFileType = sourcecode.swift; path = SceneDelegate.swift; sourceTree = "<group>"; };
		7F0B46442A86A665005A27DD /* ViewController.swift */ = {isa = PBXFileReference; lastKnownFileType = sourcecode.swift; path = ViewController.swift; sourceTree = "<group>"; };
		7F0B464A2A86A665005A27DD /* BreakingNews.xcdatamodel */ = {isa = PBXFileReference; lastKnownFileType = wrapper.xcdatamodel; path = BreakingNews.xcdatamodel; sourceTree = "<group>"; };
		7F0B464C2A86A667005A27DD /* Assets.xcassets */ = {isa = PBXFileReference; lastKnownFileType = folder.assetcatalog; path = Assets.xcassets; sourceTree = "<group>"; };
		7F0B464F2A86A667005A27DD /* Base */ = {isa = PBXFileReference; lastKnownFileType = file.storyboard; name = Base; path = Base.lproj/LaunchScreen.storyboard; sourceTree = "<group>"; };
		7F0B46512A86A667005A27DD /* Info.plist */ = {isa = PBXFileReference; lastKnownFileType = text.plist.xml; path = Info.plist; sourceTree = "<group>"; };
		7F0B46562A86A667005A27DD /* BreakingNewsTests.xctest */ = {isa = PBXFileReference; explicitFileType = wrapper.cfbundle; includeInIndex = 0; path = BreakingNewsTests.xctest; sourceTree = BUILT_PRODUCTS_DIR; };
		7F0B465A2A86A667005A27DD /* BreakingNewsTests.swift */ = {isa = PBXFileReference; lastKnownFileType = sourcecode.swift; path = BreakingNewsTests.swift; sourceTree = "<group>"; };
		7F0B46602A86A667005A27DD /* BreakingNewsUITests.xctest */ = {isa = PBXFileReference; explicitFileType = wrapper.cfbundle; includeInIndex = 0; path = BreakingNewsUITests.xctest; sourceTree = BUILT_PRODUCTS_DIR; };
		7F0B46642A86A667005A27DD /* BreakingNewsUITests.swift */ = {isa = PBXFileReference; lastKnownFileType = sourcecode.swift; path = BreakingNewsUITests.swift; sourceTree = "<group>"; };
		7F0B46662A86A667005A27DD /* BreakingNewsUITestsLaunchTests.swift */ = {isa = PBXFileReference; lastKnownFileType = sourcecode.swift; path = BreakingNewsUITestsLaunchTests.swift; sourceTree = "<group>"; };
		7F0B46772A86AA87005A27DD /* RequestManager.swift */ = {isa = PBXFileReference; lastKnownFileType = sourcecode.swift; path = RequestManager.swift; sourceTree = "<group>"; };
		7F0B46792A86AB03005A27DD /* EndPoint.swift */ = {isa = PBXFileReference; lastKnownFileType = sourcecode.swift; path = EndPoint.swift; sourceTree = "<group>"; };
		7F0B467B2A86AB1A005A27DD /* ErrorMessage.swift */ = {isa = PBXFileReference; lastKnownFileType = sourcecode.swift; path = ErrorMessage.swift; sourceTree = "<group>"; };
		7F0B467D2A86AB7E005A27DD /* API.swift */ = {isa = PBXFileReference; lastKnownFileType = sourcecode.swift; path = API.swift; sourceTree = "<group>"; };
		7F0B467F2A86CBE1005A27DD /* UIImageView+Extension.swift */ = {isa = PBXFileReference; lastKnownFileType = sourcecode.swift; path = "UIImageView+Extension.swift"; sourceTree = "<group>"; };
		7F0B46812A86CC22005A27DD /* UITableView+Extension.swift */ = {isa = PBXFileReference; lastKnownFileType = sourcecode.swift; path = "UITableView+Extension.swift"; sourceTree = "<group>"; };
		7F37E8C52A8B55ED00C7F8AE /* NewsTableViewCell.swift */ = {isa = PBXFileReference; fileEncoding = 4; lastKnownFileType = sourcecode.swift; path = NewsTableViewCell.swift; sourceTree = "<group>"; };
		7F4BCAC72A877E4000CD1F83 /* News.swift */ = {isa = PBXFileReference; lastKnownFileType = sourcecode.swift; path = News.swift; sourceTree = "<group>"; };
		7F4BCAC92A877E5200CD1F83 /* Artical.swift */ = {isa = PBXFileReference; lastKnownFileType = sourcecode.swift; path = Artical.swift; sourceTree = "<group>"; };
		7F4BCACB2A877E6600CD1F83 /* Source.swift */ = {isa = PBXFileReference; lastKnownFileType = sourcecode.swift; path = Source.swift; sourceTree = "<group>"; };
		7F4BCAD02A87809C00CD1F83 /* NewsRepository.swift */ = {isa = PBXFileReference; lastKnownFileType = sourcecode.swift; path = NewsRepository.swift; sourceTree = "<group>"; };
		7F4BCAD22A8780AA00CD1F83 /* NewsIntent.swift */ = {isa = PBXFileReference; lastKnownFileType = sourcecode.swift; path = NewsIntent.swift; sourceTree = "<group>"; };
		7F4BCAD92A87902A00CD1F83 /* NewsViewController.swift */ = {isa = PBXFileReference; lastKnownFileType = sourcecode.swift; path = NewsViewController.swift; sourceTree = "<group>"; };
		7F4BCADF2A87959C00CD1F83 /* NewsDetailsViewController.swift */ = {isa = PBXFileReference; lastKnownFileType = sourcecode.swift; path = NewsDetailsViewController.swift; sourceTree = "<group>"; };
		7F4BCAE32A88100500CD1F83 /* NewsViewModel.swift */ = {isa = PBXFileReference; lastKnownFileType = sourcecode.swift; name = NewsViewModel.swift; path = BreakingNews/Modules/News/ViewModel/NewsViewModel.swift; sourceTree = SOURCE_ROOT; };
		7F4BCAE72A8A945800CD1F83 /* ar */ = {isa = PBXFileReference; lastKnownFileType = text.plist.strings; name = ar; path = ar.lproj/LaunchScreen.strings; sourceTree = "<group>"; };
		7F4BCAEC2A8A984700CD1F83 /* en */ = {isa = PBXFileReference; lastKnownFileType = text.plist.strings; name = en; path = en.lproj/LaunchScreen.strings; sourceTree = "<group>"; };
		7F4BCAFB2A8A9A8B00CD1F83 /* String+Extension.swift */ = {isa = PBXFileReference; lastKnownFileType = sourcecode.swift; path = "String+Extension.swift"; sourceTree = "<group>"; };
		7F4BCB002A8A9C1800CD1F83 /* en */ = {isa = PBXFileReference; lastKnownFileType = text.plist.strings; name = en; path = en.lproj/Localizable.strings; sourceTree = "<group>"; };
		7F4BCB022A8A9C1B00CD1F83 /* ar */ = {isa = PBXFileReference; lastKnownFileType = text.plist.strings; name = ar; path = ar.lproj/Localizable.strings; sourceTree = "<group>"; };
		7F4BCB032A8AA18D00CD1F83 /* NewsDetailsViewController.xib */ = {isa = PBXFileReference; fileEncoding = 4; lastKnownFileType = file.xib; path = NewsDetailsViewController.xib; sourceTree = "<group>"; };
		7F97E24B2A8B56FC007C9E46 /* Base */ = {isa = PBXFileReference; lastKnownFileType = file.xib; name = Base; path = Base.lproj/NewsTableViewCell.xib; sourceTree = "<group>"; };
		7FB3F0C22A8B863300A02404 /* CoreDataManager.swift */ = {isa = PBXFileReference; lastKnownFileType = sourcecode.swift; path = CoreDataManager.swift; sourceTree = "<group>"; };
		7FB3F0C42A8B8B5600A02404 /* ArticleCD+CoreDataClass.swift */ = {isa = PBXFileReference; lastKnownFileType = sourcecode.swift; path = "ArticleCD+CoreDataClass.swift"; sourceTree = "<group>"; };
		7FB3F0C52A8B8B5600A02404 /* ArticleCD+CoreDataProperties.swift */ = {isa = PBXFileReference; lastKnownFileType = sourcecode.swift; path = "ArticleCD+CoreDataProperties.swift"; sourceTree = "<group>"; };
		7FB3F0C62A8B8B5600A02404 /* SourceCD+CoreDataClass.swift */ = {isa = PBXFileReference; lastKnownFileType = sourcecode.swift; path = "SourceCD+CoreDataClass.swift"; sourceTree = "<group>"; };
		7FB3F0C72A8B8B5600A02404 /* SourceCD+CoreDataProperties.swift */ = {isa = PBXFileReference; lastKnownFileType = sourcecode.swift; path = "SourceCD+CoreDataProperties.swift"; sourceTree = "<group>"; };
/* End PBXFileReference section */

/* Begin PBXFrameworksBuildPhase section */
		7F0B463A2A86A665005A27DD /* Frameworks */ = {
			isa = PBXFrameworksBuildPhase;
			buildActionMask = 2147483647;
			files = (
			);
			runOnlyForDeploymentPostprocessing = 0;
		};
		7F0B46532A86A667005A27DD /* Frameworks */ = {
			isa = PBXFrameworksBuildPhase;
			buildActionMask = 2147483647;
			files = (
			);
			runOnlyForDeploymentPostprocessing = 0;
		};
		7F0B465D2A86A667005A27DD /* Frameworks */ = {
			isa = PBXFrameworksBuildPhase;
			buildActionMask = 2147483647;
			files = (
			);
			runOnlyForDeploymentPostprocessing = 0;
		};
/* End PBXFrameworksBuildPhase section */

/* Begin PBXGroup section */
		7F0B46342A86A665005A27DD = {
			isa = PBXGroup;
			children = (
				7F0B463F2A86A665005A27DD /* BreakingNews */,
				7F0B46592A86A667005A27DD /* BreakingNewsTests */,
				7F0B46632A86A667005A27DD /* BreakingNewsUITests */,
				7F0B463E2A86A665005A27DD /* Products */,
			);
			sourceTree = "<group>";
		};
		7F0B463E2A86A665005A27DD /* Products */ = {
			isa = PBXGroup;
			children = (
				7F0B463D2A86A665005A27DD /* BreakingNews.app */,
				7F0B46562A86A667005A27DD /* BreakingNewsTests.xctest */,
				7F0B46602A86A667005A27DD /* BreakingNewsUITests.xctest */,
			);
			name = Products;
			sourceTree = "<group>";
		};
		7F0B463F2A86A665005A27DD /* BreakingNews */ = {
			isa = PBXGroup;
			children = (
				7F4BCAC12A877C6B00CD1F83 /* Modules */,
				7F0B46732A86AA22005A27DD /* Utilities */,
				7F0B46402A86A665005A27DD /* AppDelegate.swift */,
				7F0B46422A86A665005A27DD /* SceneDelegate.swift */,
				7F0B46442A86A665005A27DD /* ViewController.swift */,
				7F0B464C2A86A667005A27DD /* Assets.xcassets */,
				7F0B464E2A86A667005A27DD /* LaunchScreen.storyboard */,
				7F0B46512A86A667005A27DD /* Info.plist */,
			);
			path = BreakingNews;
			sourceTree = "<group>";
		};
		7F0B46592A86A667005A27DD /* BreakingNewsTests */ = {
			isa = PBXGroup;
			children = (
				7F0B465A2A86A667005A27DD /* BreakingNewsTests.swift */,
			);
			path = BreakingNewsTests;
			sourceTree = "<group>";
		};
		7F0B46632A86A667005A27DD /* BreakingNewsUITests */ = {
			isa = PBXGroup;
			children = (
				7F0B46642A86A667005A27DD /* BreakingNewsUITests.swift */,
				7F0B46662A86A667005A27DD /* BreakingNewsUITestsLaunchTests.swift */,
			);
			path = BreakingNewsUITests;
			sourceTree = "<group>";
		};
		7F0B46732A86AA22005A27DD /* Utilities */ = {
			isa = PBXGroup;
			children = (
				7F0B46762A86AA3D005A27DD /* Extension */,
				7F0B46752A86AA35005A27DD /* CoreDataManager */,
				7F0B46742A86AA2C005A27DD /* NetworkManager */,
				7F4BCB012A8A9C1800CD1F83 /* Localizable.strings */,
			);
			path = Utilities;
			sourceTree = "<group>";
		};
		7F0B46742A86AA2C005A27DD /* NetworkManager */ = {
			isa = PBXGroup;
			children = (
				7F0B46772A86AA87005A27DD /* RequestManager.swift */,
				7F0B46792A86AB03005A27DD /* EndPoint.swift */,
				7F0B467B2A86AB1A005A27DD /* ErrorMessage.swift */,
				7F0B467D2A86AB7E005A27DD /* API.swift */,
			);
			path = NetworkManager;
			sourceTree = "<group>";
		};
		7F0B46752A86AA35005A27DD /* CoreDataManager */ = {
			isa = PBXGroup;
			children = (
				7FB3F0CC2A8B8B7500A02404 /* CoreDataModel */,
				7F0B46492A86A665005A27DD /* BreakingNews.xcdatamodeld */,
				7FB3F0C22A8B863300A02404 /* CoreDataManager.swift */,
			);
			path = CoreDataManager;
			sourceTree = "<group>";
		};
		7F0B46762A86AA3D005A27DD /* Extension */ = {
			isa = PBXGroup;
			children = (
				7F0B467F2A86CBE1005A27DD /* UIImageView+Extension.swift */,
				7F0B46812A86CC22005A27DD /* UITableView+Extension.swift */,
				7F4BCAFB2A8A9A8B00CD1F83 /* String+Extension.swift */,
			);
			path = Extension;
			sourceTree = "<group>";
		};
		7F37E8C42A8B544900C7F8AE /* ViewModel */ = {
			isa = PBXGroup;
			children = (
				7F4BCAE32A88100500CD1F83 /* NewsViewModel.swift */,
			);
			path = ViewModel;
			sourceTree = "<group>";
		};
		7F4BCAC12A877C6B00CD1F83 /* Modules */ = {
			isa = PBXGroup;
			children = (
				7F4BCAC22A877C7200CD1F83 /* News */,
			);
			path = Modules;
			sourceTree = "<group>";
		};
		7F4BCAC22A877C7200CD1F83 /* News */ = {
			isa = PBXGroup;
			children = (
				7F37E8C42A8B544900C7F8AE /* ViewModel */,
				7F4BCACF2A87808A00CD1F83 /* Intent */,
				7F4BCACE2A87807700CD1F83 /* DataAccess */,
				7F4BCAC52A877C8C00CD1F83 /* Controllers */,
				7F4BCAC42A877C8600CD1F83 /* Views */,
				7F4BCAC32A877C8100CD1F83 /* Model */,
			);
			path = News;
			sourceTree = "<group>";
		};
		7F4BCAC32A877C8100CD1F83 /* Model */ = {
			isa = PBXGroup;
			children = (
				7F4BCAC72A877E4000CD1F83 /* News.swift */,
				7F4BCAC92A877E5200CD1F83 /* Artical.swift */,
				7F4BCACB2A877E6600CD1F83 /* Source.swift */,
			);
			path = Model;
			sourceTree = "<group>";
		};
		7F4BCAC42A877C8600CD1F83 /* Views */ = {
			isa = PBXGroup;
			children = (
				7F4BCB032A8AA18D00CD1F83 /* NewsDetailsViewController.xib */,
				7F37E8C52A8B55ED00C7F8AE /* NewsTableViewCell.swift */,
				7F97E24A2A8B56FC007C9E46 /* NewsTableViewCell.xib */,
			);
			path = Views;
			sourceTree = "<group>";
		};
		7F4BCAC52A877C8C00CD1F83 /* Controllers */ = {
			isa = PBXGroup;
			children = (
				7F4BCAD92A87902A00CD1F83 /* NewsViewController.swift */,
				7F4BCADF2A87959C00CD1F83 /* NewsDetailsViewController.swift */,
			);
			path = Controllers;
			sourceTree = "<group>";
		};
		7F4BCACE2A87807700CD1F83 /* DataAccess */ = {
			isa = PBXGroup;
			children = (
				7F4BCAD02A87809C00CD1F83 /* NewsRepository.swift */,
			);
			path = DataAccess;
			sourceTree = "<group>";
		};
		7F4BCACF2A87808A00CD1F83 /* Intent */ = {
			isa = PBXGroup;
			children = (
				7F4BCAD22A8780AA00CD1F83 /* NewsIntent.swift */,
			);
			path = Intent;
			sourceTree = "<group>";
		};
		7FB3F0CC2A8B8B7500A02404 /* CoreDataModel */ = {
			isa = PBXGroup;
			children = (
				7FB3F0C42A8B8B5600A02404 /* ArticleCD+CoreDataClass.swift */,
				7FB3F0C52A8B8B5600A02404 /* ArticleCD+CoreDataProperties.swift */,
				7FB3F0C62A8B8B5600A02404 /* SourceCD+CoreDataClass.swift */,
				7FB3F0C72A8B8B5600A02404 /* SourceCD+CoreDataProperties.swift */,
			);
			path = CoreDataModel;
			sourceTree = "<group>";
		};
/* End PBXGroup section */

/* Begin PBXNativeTarget section */
		7F0B463C2A86A665005A27DD /* BreakingNews */ = {
			isa = PBXNativeTarget;
			buildConfigurationList = 7F0B466A2A86A667005A27DD /* Build configuration list for PBXNativeTarget "BreakingNews" */;
			buildPhases = (
				7F0B46392A86A665005A27DD /* Sources */,
				7F0B463A2A86A665005A27DD /* Frameworks */,
				7F0B463B2A86A665005A27DD /* Resources */,
			);
			buildRules = (
			);
			dependencies = (
			);
			name = BreakingNews;
			productName = BreakingNews;
			productReference = 7F0B463D2A86A665005A27DD /* BreakingNews.app */;
			productType = "com.apple.product-type.application";
		};
		7F0B46552A86A667005A27DD /* BreakingNewsTests */ = {
			isa = PBXNativeTarget;
			buildConfigurationList = 7F0B466D2A86A667005A27DD /* Build configuration list for PBXNativeTarget "BreakingNewsTests" */;
			buildPhases = (
				7F0B46522A86A667005A27DD /* Sources */,
				7F0B46532A86A667005A27DD /* Frameworks */,
				7F0B46542A86A667005A27DD /* Resources */,
			);
			buildRules = (
			);
			dependencies = (
				7F0B46582A86A667005A27DD /* PBXTargetDependency */,
			);
			name = BreakingNewsTests;
			productName = BreakingNewsTests;
			productReference = 7F0B46562A86A667005A27DD /* BreakingNewsTests.xctest */;
			productType = "com.apple.product-type.bundle.unit-test";
		};
		7F0B465F2A86A667005A27DD /* BreakingNewsUITests */ = {
			isa = PBXNativeTarget;
			buildConfigurationList = 7F0B46702A86A667005A27DD /* Build configuration list for PBXNativeTarget "BreakingNewsUITests" */;
			buildPhases = (
				7F0B465C2A86A667005A27DD /* Sources */,
				7F0B465D2A86A667005A27DD /* Frameworks */,
				7F0B465E2A86A667005A27DD /* Resources */,
			);
			buildRules = (
			);
			dependencies = (
				7F0B46622A86A667005A27DD /* PBXTargetDependency */,
			);
			name = BreakingNewsUITests;
			productName = BreakingNewsUITests;
			productReference = 7F0B46602A86A667005A27DD /* BreakingNewsUITests.xctest */;
			productType = "com.apple.product-type.bundle.ui-testing";
		};
/* End PBXNativeTarget section */

/* Begin PBXProject section */
		7F0B46352A86A665005A27DD /* Project object */ = {
			isa = PBXProject;
			attributes = {
				BuildIndependentTargetsInParallel = 1;
				LastSwiftUpdateCheck = 1430;
				LastUpgradeCheck = 1430;
				TargetAttributes = {
					7F0B463C2A86A665005A27DD = {
						CreatedOnToolsVersion = 14.3.1;
					};
					7F0B46552A86A667005A27DD = {
						CreatedOnToolsVersion = 14.3.1;
						TestTargetID = 7F0B463C2A86A665005A27DD;
					};
					7F0B465F2A86A667005A27DD = {
						CreatedOnToolsVersion = 14.3.1;
						TestTargetID = 7F0B463C2A86A665005A27DD;
					};
				};
			};
			buildConfigurationList = 7F0B46382A86A665005A27DD /* Build configuration list for PBXProject "BreakingNews" */;
			compatibilityVersion = "Xcode 14.0";
			developmentRegion = en;
			hasScannedForEncodings = 0;
			knownRegions = (
				en,
				Base,
				ar,
			);
			mainGroup = 7F0B46342A86A665005A27DD;
			productRefGroup = 7F0B463E2A86A665005A27DD /* Products */;
			projectDirPath = "";
			projectRoot = "";
			targets = (
				7F0B463C2A86A665005A27DD /* BreakingNews */,
				7F0B46552A86A667005A27DD /* BreakingNewsTests */,
				7F0B465F2A86A667005A27DD /* BreakingNewsUITests */,
			);
		};
/* End PBXProject section */

/* Begin PBXResourcesBuildPhase section */
		7F0B463B2A86A665005A27DD /* Resources */ = {
			isa = PBXResourcesBuildPhase;
			buildActionMask = 2147483647;
			files = (
				7F4BCAFF2A8A9C1800CD1F83 /* Localizable.strings in Resources */,
				7F0B46502A86A667005A27DD /* LaunchScreen.storyboard in Resources */,
				7F4BCB042A8AA18D00CD1F83 /* NewsDetailsViewController.xib in Resources */,
				7F0B464D2A86A667005A27DD /* Assets.xcassets in Resources */,
				7F97E24C2A8B56FC007C9E46 /* NewsTableViewCell.xib in Resources */,
			);
			runOnlyForDeploymentPostprocessing = 0;
		};
		7F0B46542A86A667005A27DD /* Resources */ = {
			isa = PBXResourcesBuildPhase;
			buildActionMask = 2147483647;
			files = (
			);
			runOnlyForDeploymentPostprocessing = 0;
		};
		7F0B465E2A86A667005A27DD /* Resources */ = {
			isa = PBXResourcesBuildPhase;
			buildActionMask = 2147483647;
			files = (
			);
			runOnlyForDeploymentPostprocessing = 0;
		};
/* End PBXResourcesBuildPhase section */

/* Begin PBXSourcesBuildPhase section */
		7F0B46392A86A665005A27DD /* Sources */ = {
			isa = PBXSourcesBuildPhase;
			buildActionMask = 2147483647;
			files = (
				7FB3F0C92A8B8B5600A02404 /* ArticleCD+CoreDataProperties.swift in Sources */,
				7F4BCAE12A87959C00CD1F83 /* NewsDetailsViewController.swift in Sources */,
				7F0B467A2A86AB03005A27DD /* EndPoint.swift in Sources */,
				7FB3F0CA2A8B8B5600A02404 /* SourceCD+CoreDataClass.swift in Sources */,
				7F0B467C2A86AB1A005A27DD /* ErrorMessage.swift in Sources */,
				7F4BCAD12A87809C00CD1F83 /* NewsRepository.swift in Sources */,
				7F0B46782A86AA87005A27DD /* RequestManager.swift in Sources */,
				7F0B46802A86CBE1005A27DD /* UIImageView+Extension.swift in Sources */,
				7F4BCAE42A88100500CD1F83 /* NewsViewModel.swift in Sources */,
				7F37E8C62A8B55ED00C7F8AE /* NewsTableViewCell.swift in Sources */,
				7F4BCAFC2A8A9A8B00CD1F83 /* String+Extension.swift in Sources */,
				7F0B46452A86A665005A27DD /* ViewController.swift in Sources */,
				7F0B464B2A86A665005A27DD /* BreakingNews.xcdatamodeld in Sources */,
				7F4BCAC82A877E4000CD1F83 /* News.swift in Sources */,
				7FB3F0C32A8B863300A02404 /* CoreDataManager.swift in Sources */,
				7F0B46412A86A665005A27DD /* AppDelegate.swift in Sources */,
				7F4BCAD32A8780AA00CD1F83 /* NewsIntent.swift in Sources */,
				7FB3F0C82A8B8B5600A02404 /* ArticleCD+CoreDataClass.swift in Sources */,
				7F4BCACA2A877E5200CD1F83 /* Artical.swift in Sources */,
				7FB3F0CB2A8B8B5600A02404 /* SourceCD+CoreDataProperties.swift in Sources */,
				7F4BCADB2A87902A00CD1F83 /* NewsViewController.swift in Sources */,
				7F0B46822A86CC22005A27DD /* UITableView+Extension.swift in Sources */,
				7F0B467E2A86AB7E005A27DD /* API.swift in Sources */,
				7F0B46432A86A665005A27DD /* SceneDelegate.swift in Sources */,
				7F4BCACC2A877E6600CD1F83 /* Source.swift in Sources */,
			);
			runOnlyForDeploymentPostprocessing = 0;
		};
		7F0B46522A86A667005A27DD /* Sources */ = {
			isa = PBXSourcesBuildPhase;
			buildActionMask = 2147483647;
			files = (
				7F0B465B2A86A667005A27DD /* BreakingNewsTests.swift in Sources */,
			);
			runOnlyForDeploymentPostprocessing = 0;
		};
		7F0B465C2A86A667005A27DD /* Sources */ = {
			isa = PBXSourcesBuildPhase;
			buildActionMask = 2147483647;
			files = (
				7F0B46672A86A667005A27DD /* BreakingNewsUITestsLaunchTests.swift in Sources */,
				7F0B46652A86A667005A27DD /* BreakingNewsUITests.swift in Sources */,
			);
			runOnlyForDeploymentPostprocessing = 0;
		};
/* End PBXSourcesBuildPhase section */

/* Begin PBXTargetDependency section */
		7F0B46582A86A667005A27DD /* PBXTargetDependency */ = {
			isa = PBXTargetDependency;
			target = 7F0B463C2A86A665005A27DD /* BreakingNews */;
			targetProxy = 7F0B46572A86A667005A27DD /* PBXContainerItemProxy */;
		};
		7F0B46622A86A667005A27DD /* PBXTargetDependency */ = {
			isa = PBXTargetDependency;
			target = 7F0B463C2A86A665005A27DD /* BreakingNews */;
			targetProxy = 7F0B46612A86A667005A27DD /* PBXContainerItemProxy */;
		};
/* End PBXTargetDependency section */

/* Begin PBXVariantGroup section */
		7F0B464E2A86A667005A27DD /* LaunchScreen.storyboard */ = {
			isa = PBXVariantGroup;
			children = (
				7F0B464F2A86A667005A27DD /* Base */,
				7F4BCAE72A8A945800CD1F83 /* ar */,
				7F4BCAEC2A8A984700CD1F83 /* en */,
			);
			name = LaunchScreen.storyboard;
			sourceTree = "<group>";
		};
		7F4BCB012A8A9C1800CD1F83 /* Localizable.strings */ = {
			isa = PBXVariantGroup;
			children = (
				7F4BCB002A8A9C1800CD1F83 /* en */,
				7F4BCB022A8A9C1B00CD1F83 /* ar */,
			);
			name = Localizable.strings;
			sourceTree = "<group>";
		};
		7F97E24A2A8B56FC007C9E46 /* NewsTableViewCell.xib */ = {
			isa = PBXVariantGroup;
			children = (
				7F97E24B2A8B56FC007C9E46 /* Base */,
			);
			name = NewsTableViewCell.xib;
			sourceTree = "<group>";
		};
/* End PBXVariantGroup section */

/* Begin XCBuildConfiguration section */
		7F0B46682A86A667005A27DD /* Debug */ = {
			isa = XCBuildConfiguration;
			buildSettings = {
				ALWAYS_SEARCH_USER_PATHS = NO;
				CLANG_ANALYZER_LOCALIZABILITY_NONLOCALIZED = YES;
				CLANG_ANALYZER_NONNULL = YES;
				CLANG_ANALYZER_NUMBER_OBJECT_CONVERSION = YES_AGGRESSIVE;
				CLANG_CXX_LANGUAGE_STANDARD = "gnu++20";
				CLANG_ENABLE_MODULES = YES;
				CLANG_ENABLE_OBJC_ARC = YES;
				CLANG_ENABLE_OBJC_WEAK = YES;
				CLANG_WARN_BLOCK_CAPTURE_AUTORELEASING = YES;
				CLANG_WARN_BOOL_CONVERSION = YES;
				CLANG_WARN_COMMA = YES;
				CLANG_WARN_CONSTANT_CONVERSION = YES;
				CLANG_WARN_DEPRECATED_OBJC_IMPLEMENTATIONS = YES;
				CLANG_WARN_DIRECT_OBJC_ISA_USAGE = YES_ERROR;
				CLANG_WARN_DOCUMENTATION_COMMENTS = YES;
				CLANG_WARN_EMPTY_BODY = YES;
				CLANG_WARN_ENUM_CONVERSION = YES;
				CLANG_WARN_INFINITE_RECURSION = YES;
				CLANG_WARN_INT_CONVERSION = YES;
				CLANG_WARN_NON_LITERAL_NULL_CONVERSION = YES;
				CLANG_WARN_OBJC_IMPLICIT_RETAIN_SELF = YES;
				CLANG_WARN_OBJC_LITERAL_CONVERSION = YES;
				CLANG_WARN_OBJC_ROOT_CLASS = YES_ERROR;
				CLANG_WARN_QUOTED_INCLUDE_IN_FRAMEWORK_HEADER = YES;
				CLANG_WARN_RANGE_LOOP_ANALYSIS = YES;
				CLANG_WARN_STRICT_PROTOTYPES = YES;
				CLANG_WARN_SUSPICIOUS_MOVE = YES;
				CLANG_WARN_UNGUARDED_AVAILABILITY = YES_AGGRESSIVE;
				CLANG_WARN_UNREACHABLE_CODE = YES;
				CLANG_WARN__DUPLICATE_METHOD_MATCH = YES;
				COPY_PHASE_STRIP = NO;
				DEBUG_INFORMATION_FORMAT = dwarf;
				ENABLE_STRICT_OBJC_MSGSEND = YES;
				ENABLE_TESTABILITY = YES;
				GCC_C_LANGUAGE_STANDARD = gnu11;
				GCC_DYNAMIC_NO_PIC = NO;
				GCC_NO_COMMON_BLOCKS = YES;
				GCC_OPTIMIZATION_LEVEL = 0;
				GCC_PREPROCESSOR_DEFINITIONS = (
					"DEBUG=1",
					"$(inherited)",
				);
				GCC_WARN_64_TO_32_BIT_CONVERSION = YES;
				GCC_WARN_ABOUT_RETURN_TYPE = YES_ERROR;
				GCC_WARN_UNDECLARED_SELECTOR = YES;
				GCC_WARN_UNINITIALIZED_AUTOS = YES_AGGRESSIVE;
				GCC_WARN_UNUSED_FUNCTION = YES;
				GCC_WARN_UNUSED_VARIABLE = YES;
				IPHONEOS_DEPLOYMENT_TARGET = 16.4;
				MTL_ENABLE_DEBUG_INFO = INCLUDE_SOURCE;
				MTL_FAST_MATH = YES;
				ONLY_ACTIVE_ARCH = YES;
				SDKROOT = iphoneos;
				SWIFT_ACTIVE_COMPILATION_CONDITIONS = DEBUG;
				SWIFT_OPTIMIZATION_LEVEL = "-Onone";
			};
			name = Debug;
		};
		7F0B46692A86A667005A27DD /* Release */ = {
			isa = XCBuildConfiguration;
			buildSettings = {
				ALWAYS_SEARCH_USER_PATHS = NO;
				CLANG_ANALYZER_LOCALIZABILITY_NONLOCALIZED = YES;
				CLANG_ANALYZER_NONNULL = YES;
				CLANG_ANALYZER_NUMBER_OBJECT_CONVERSION = YES_AGGRESSIVE;
				CLANG_CXX_LANGUAGE_STANDARD = "gnu++20";
				CLANG_ENABLE_MODULES = YES;
				CLANG_ENABLE_OBJC_ARC = YES;
				CLANG_ENABLE_OBJC_WEAK = YES;
				CLANG_WARN_BLOCK_CAPTURE_AUTORELEASING = YES;
				CLANG_WARN_BOOL_CONVERSION = YES;
				CLANG_WARN_COMMA = YES;
				CLANG_WARN_CONSTANT_CONVERSION = YES;
				CLANG_WARN_DEPRECATED_OBJC_IMPLEMENTATIONS = YES;
				CLANG_WARN_DIRECT_OBJC_ISA_USAGE = YES_ERROR;
				CLANG_WARN_DOCUMENTATION_COMMENTS = YES;
				CLANG_WARN_EMPTY_BODY = YES;
				CLANG_WARN_ENUM_CONVERSION = YES;
				CLANG_WARN_INFINITE_RECURSION = YES;
				CLANG_WARN_INT_CONVERSION = YES;
				CLANG_WARN_NON_LITERAL_NULL_CONVERSION = YES;
				CLANG_WARN_OBJC_IMPLICIT_RETAIN_SELF = YES;
				CLANG_WARN_OBJC_LITERAL_CONVERSION = YES;
				CLANG_WARN_OBJC_ROOT_CLASS = YES_ERROR;
				CLANG_WARN_QUOTED_INCLUDE_IN_FRAMEWORK_HEADER = YES;
				CLANG_WARN_RANGE_LOOP_ANALYSIS = YES;
				CLANG_WARN_STRICT_PROTOTYPES = YES;
				CLANG_WARN_SUSPICIOUS_MOVE = YES;
				CLANG_WARN_UNGUARDED_AVAILABILITY = YES_AGGRESSIVE;
				CLANG_WARN_UNREACHABLE_CODE = YES;
				CLANG_WARN__DUPLICATE_METHOD_MATCH = YES;
				COPY_PHASE_STRIP = NO;
				DEBUG_INFORMATION_FORMAT = "dwarf-with-dsym";
				ENABLE_NS_ASSERTIONS = NO;
				ENABLE_STRICT_OBJC_MSGSEND = YES;
				GCC_C_LANGUAGE_STANDARD = gnu11;
				GCC_NO_COMMON_BLOCKS = YES;
				GCC_WARN_64_TO_32_BIT_CONVERSION = YES;
				GCC_WARN_ABOUT_RETURN_TYPE = YES_ERROR;
				GCC_WARN_UNDECLARED_SELECTOR = YES;
				GCC_WARN_UNINITIALIZED_AUTOS = YES_AGGRESSIVE;
				GCC_WARN_UNUSED_FUNCTION = YES;
				GCC_WARN_UNUSED_VARIABLE = YES;
				IPHONEOS_DEPLOYMENT_TARGET = 16.4;
				MTL_ENABLE_DEBUG_INFO = NO;
				MTL_FAST_MATH = YES;
				SDKROOT = iphoneos;
				SWIFT_COMPILATION_MODE = wholemodule;
				SWIFT_OPTIMIZATION_LEVEL = "-O";
				VALIDATE_PRODUCT = YES;
			};
			name = Release;
		};
		7F0B466B2A86A667005A27DD /* Debug */ = {
			isa = XCBuildConfiguration;
			buildSettings = {
				ASSETCATALOG_COMPILER_APPICON_NAME = AppIcon;
				ASSETCATALOG_COMPILER_GLOBAL_ACCENT_COLOR_NAME = AccentColor;
				CODE_SIGN_STYLE = Automatic;
				CURRENT_PROJECT_VERSION = 1;
				DEVELOPMENT_TEAM = 8632GR7884;
				GENERATE_INFOPLIST_FILE = YES;
				INFOPLIST_FILE = BreakingNews/Info.plist;
				INFOPLIST_KEY_UIApplicationSupportsIndirectInputEvents = YES;
				INFOPLIST_KEY_UILaunchStoryboardName = LaunchScreen;
				INFOPLIST_KEY_UISupportedInterfaceOrientations_iPad = "UIInterfaceOrientationPortrait UIInterfaceOrientationPortraitUpsideDown UIInterfaceOrientationLandscapeLeft UIInterfaceOrientationLandscapeRight";
				INFOPLIST_KEY_UISupportedInterfaceOrientations_iPhone = "UIInterfaceOrientationPortrait UIInterfaceOrientationLandscapeLeft UIInterfaceOrientationLandscapeRight";
				IPHONEOS_DEPLOYMENT_TARGET = 13.0;
				LD_RUNPATH_SEARCH_PATHS = (
					"$(inherited)",
					"@executable_path/Frameworks",
				);
				MARKETING_VERSION = 1.0;
				PRODUCT_BUNDLE_IDENTIFIER = com.MinaHanna.BreakingNews;
				PRODUCT_NAME = "$(TARGET_NAME)";
				SWIFT_EMIT_LOC_STRINGS = YES;
				SWIFT_VERSION = 5.0;
				TARGETED_DEVICE_FAMILY = "1,2";
			};
			name = Debug;
		};
		7F0B466C2A86A667005A27DD /* Release */ = {
			isa = XCBuildConfiguration;
			buildSettings = {
				ASSETCATALOG_COMPILER_APPICON_NAME = AppIcon;
				ASSETCATALOG_COMPILER_GLOBAL_ACCENT_COLOR_NAME = AccentColor;
				CODE_SIGN_STYLE = Automatic;
				CURRENT_PROJECT_VERSION = 1;
				DEVELOPMENT_TEAM = 8632GR7884;
				GENERATE_INFOPLIST_FILE = YES;
				INFOPLIST_FILE = BreakingNews/Info.plist;
				INFOPLIST_KEY_UIApplicationSupportsIndirectInputEvents = YES;
				INFOPLIST_KEY_UILaunchStoryboardName = LaunchScreen;
				INFOPLIST_KEY_UISupportedInterfaceOrientations_iPad = "UIInterfaceOrientationPortrait UIInterfaceOrientationPortraitUpsideDown UIInterfaceOrientationLandscapeLeft UIInterfaceOrientationLandscapeRight";
				INFOPLIST_KEY_UISupportedInterfaceOrientations_iPhone = "UIInterfaceOrientationPortrait UIInterfaceOrientationLandscapeLeft UIInterfaceOrientationLandscapeRight";
				IPHONEOS_DEPLOYMENT_TARGET = 13.0;
				LD_RUNPATH_SEARCH_PATHS = (
					"$(inherited)",
					"@executable_path/Frameworks",
				);
				MARKETING_VERSION = 1.0;
				PRODUCT_BUNDLE_IDENTIFIER = com.MinaHanna.BreakingNews;
				PRODUCT_NAME = "$(TARGET_NAME)";
				SWIFT_EMIT_LOC_STRINGS = YES;
				SWIFT_VERSION = 5.0;
				TARGETED_DEVICE_FAMILY = "1,2";
			};
			name = Release;
		};
		7F0B466E2A86A667005A27DD /* Debug */ = {
			isa = XCBuildConfiguration;
			buildSettings = {
				ALWAYS_EMBED_SWIFT_STANDARD_LIBRARIES = YES;
				BUNDLE_LOADER = "$(TEST_HOST)";
				CODE_SIGN_STYLE = Automatic;
				CURRENT_PROJECT_VERSION = 1;
				DEVELOPMENT_TEAM = 8632GR7884;
				GENERATE_INFOPLIST_FILE = YES;
				IPHONEOS_DEPLOYMENT_TARGET = 16.4;
				MARKETING_VERSION = 1.0;
				PRODUCT_BUNDLE_IDENTIFIER = com.MinaHanna.BreakingNewsTests;
				PRODUCT_NAME = "$(TARGET_NAME)";
				SWIFT_EMIT_LOC_STRINGS = NO;
				SWIFT_VERSION = 5.0;
				TARGETED_DEVICE_FAMILY = "1,2";
				TEST_HOST = "$(BUILT_PRODUCTS_DIR)/BreakingNews.app/$(BUNDLE_EXECUTABLE_FOLDER_PATH)/BreakingNews";
			};
			name = Debug;
		};
		7F0B466F2A86A667005A27DD /* Release */ = {
			isa = XCBuildConfiguration;
			buildSettings = {
				ALWAYS_EMBED_SWIFT_STANDARD_LIBRARIES = YES;
				BUNDLE_LOADER = "$(TEST_HOST)";
				CODE_SIGN_STYLE = Automatic;
				CURRENT_PROJECT_VERSION = 1;
				DEVELOPMENT_TEAM = 8632GR7884;
				GENERATE_INFOPLIST_FILE = YES;
				IPHONEOS_DEPLOYMENT_TARGET = 16.4;
				MARKETING_VERSION = 1.0;
				PRODUCT_BUNDLE_IDENTIFIER = com.MinaHanna.BreakingNewsTests;
				PRODUCT_NAME = "$(TARGET_NAME)";
				SWIFT_EMIT_LOC_STRINGS = NO;
				SWIFT_VERSION = 5.0;
				TARGETED_DEVICE_FAMILY = "1,2";
				TEST_HOST = "$(BUILT_PRODUCTS_DIR)/BreakingNews.app/$(BUNDLE_EXECUTABLE_FOLDER_PATH)/BreakingNews";
			};
			name = Release;
		};
		7F0B46712A86A667005A27DD /* Debug */ = {
			isa = XCBuildConfiguration;
			buildSettings = {
				ALWAYS_EMBED_SWIFT_STANDARD_LIBRARIES = YES;
				CODE_SIGN_STYLE = Automatic;
				CURRENT_PROJECT_VERSION = 1;
				DEVELOPMENT_TEAM = 8632GR7884;
				GENERATE_INFOPLIST_FILE = YES;
				MARKETING_VERSION = 1.0;
				PRODUCT_BUNDLE_IDENTIFIER = com.MinaHanna.BreakingNewsUITests;
				PRODUCT_NAME = "$(TARGET_NAME)";
				SWIFT_EMIT_LOC_STRINGS = NO;
				SWIFT_VERSION = 5.0;
				TARGETED_DEVICE_FAMILY = "1,2";
				TEST_TARGET_NAME = BreakingNews;
			};
			name = Debug;
		};
		7F0B46722A86A667005A27DD /* Release */ = {
			isa = XCBuildConfiguration;
			buildSettings = {
				ALWAYS_EMBED_SWIFT_STANDARD_LIBRARIES = YES;
				CODE_SIGN_STYLE = Automatic;
				CURRENT_PROJECT_VERSION = 1;
				DEVELOPMENT_TEAM = 8632GR7884;
				GENERATE_INFOPLIST_FILE = YES;
				MARKETING_VERSION = 1.0;
				PRODUCT_BUNDLE_IDENTIFIER = com.MinaHanna.BreakingNewsUITests;
				PRODUCT_NAME = "$(TARGET_NAME)";
				SWIFT_EMIT_LOC_STRINGS = NO;
				SWIFT_VERSION = 5.0;
				TARGETED_DEVICE_FAMILY = "1,2";
				TEST_TARGET_NAME = BreakingNews;
			};
			name = Release;
		};
/* End XCBuildConfiguration section */

/* Begin XCConfigurationList section */
		7F0B46382A86A665005A27DD /* Build configuration list for PBXProject "BreakingNews" */ = {
			isa = XCConfigurationList;
			buildConfigurations = (
				7F0B46682A86A667005A27DD /* Debug */,
				7F0B46692A86A667005A27DD /* Release */,
			);
			defaultConfigurationIsVisible = 0;
			defaultConfigurationName = Release;
		};
		7F0B466A2A86A667005A27DD /* Build configuration list for PBXNativeTarget "BreakingNews" */ = {
			isa = XCConfigurationList;
			buildConfigurations = (
				7F0B466B2A86A667005A27DD /* Debug */,
				7F0B466C2A86A667005A27DD /* Release */,
			);
			defaultConfigurationIsVisible = 0;
			defaultConfigurationName = Release;
		};
		7F0B466D2A86A667005A27DD /* Build configuration list for PBXNativeTarget "BreakingNewsTests" */ = {
			isa = XCConfigurationList;
			buildConfigurations = (
				7F0B466E2A86A667005A27DD /* Debug */,
				7F0B466F2A86A667005A27DD /* Release */,
			);
			defaultConfigurationIsVisible = 0;
			defaultConfigurationName = Release;
		};
		7F0B46702A86A667005A27DD /* Build configuration list for PBXNativeTarget "BreakingNewsUITests" */ = {
			isa = XCConfigurationList;
			buildConfigurations = (
				7F0B46712A86A667005A27DD /* Debug */,
				7F0B46722A86A667005A27DD /* Release */,
			);
			defaultConfigurationIsVisible = 0;
			defaultConfigurationName = Release;
		};
/* End XCConfigurationList section */

/* Begin XCVersionGroup section */
		7F0B46492A86A665005A27DD /* BreakingNews.xcdatamodeld */ = {
			isa = XCVersionGroup;
			children = (
				7F0B464A2A86A665005A27DD /* BreakingNews.xcdatamodel */,
			);
			currentVersion = 7F0B464A2A86A665005A27DD /* BreakingNews.xcdatamodel */;
			path = BreakingNews.xcdatamodeld;
			sourceTree = "<group>";
			versionGroupType = wrapper.xcdatamodel;
		};
/* End XCVersionGroup section */
	};
	rootObject = 7F0B46352A86A665005A27DD /* Project object */;
}
